
Microsoft Visual Studio Solution File, Format Version 12.00
Project("{FAE04EC0-301F-11D3-BF4B-00C04F79EFBC}") = "ChallengeDotNet", "ChallengeDotNet\ChallengeDotNet.csproj", "{2E1D8D44-FA46-410F-A5FE-9439A53486FB}"
EndProject
Project("{FAE04EC0-301F-11D3-BF4B-00C04F79EFBC}") = "ChallengeDotNet.Test.Unit", "ChallengeDotNet.Test.Unit\ChallengeDotNet.Test.Unit.csproj", "{5E7843EA-DE42-48CA-971B-01BB09549048}"
EndProject
Global
	GlobalSection(SolutionConfigurationPlatforms) = preSolution
		Debug|Any CPU = Debug|Any CPU
		Release|Any CPU = Release|Any CPU
	EndGlobalSection
	GlobalSection(ProjectConfigurationPlatforms) = postSolution
		{2E1D8D44-FA46-410F-A5FE-9439A53486FB}.Debug|Any CPU.ActiveCfg = Debug|Any CPU
		{2E1D8D44-FA46-410F-A5FE-9439A53486FB}.Debug|Any CPU.Build.0 = Debug|Any CPU
		{2E1D8D44-FA46-410F-A5FE-9439A53486FB}.Release|Any CPU.ActiveCfg = Release|Any CPU
		{2E1D8D44-FA46-410F-A5FE-9439A53486FB}.Release|Any CPU.Build.0 = Release|Any CPU
		{5E7843EA-DE42-48CA-971B-01BB09549048}.Debug|Any CPU.ActiveCfg = Debug|Any CPU
		{5E7843EA-DE42-48CA-971B-01BB09549048}.Debug|Any CPU.Build.0 = Debug|Any CPU
		{5E7843EA-DE42-48CA-971B-01BB09549048}.Release|Any CPU.ActiveCfg = Release|Any CPU
		{5E7843EA-DE42-48CA-971B-01BB09549048}.Release|Any CPU.Build.0 = Release|Any CPU
	EndGlobalSection
EndGlobal
